
Microsoft Visual Studio Solution File, Format Version 12.00
# Visual Studio Version 16
VisualStudioVersion = 16.0.31702.278
MinimumVisualStudioVersion = 10.0.40219.1
Project("{FAE04EC0-301F-11D3-BF4B-00C04F79EFBC}") = "ServerUdpInput", "ServerUdpInput\ServerUdpInput.csproj", "{E6A49C63-C9E0-4AE2-B261-4AEB95BC85F5}"
EndProject
Global
	GlobalSection(SolutionConfigurationPlatforms) = preSolution
		Debug|Any CPU = Debug|Any CPU
		Release|Any CPU = Release|Any CPU
	EndGlobalSection
	GlobalSection(ProjectConfigurationPlatforms) = postSolution
		{E6A49C63-C9E0-4AE2-B261-4AEB95BC85F5}.Debug|Any CPU.ActiveCfg = Debug|Any CPU
		{E6A49C63-C9E0-4AE2-B261-4AEB95BC85F5}.Debug|Any CPU.Build.0 = Debug|Any CPU
		{E6A49C63-C9E0-4AE2-B261-4AEB95BC85F5}.Release|Any CPU.ActiveCfg = Release|Any CPU
		{E6A49C63-C9E0-4AE2-B261-4AEB95BC85F5}.Release|Any CPU.Build.0 = Release|Any CPU
	EndGlobalSection
	GlobalSection(SolutionProperties) = preSolution
		HideSolutionNode = FALSE
	EndGlobalSection
	GlobalSection(ExtensibilityGlobals) = postSolution
		SolutionGuid = {01CC3DEF-2749-41D6-A522-3E5D7F69678D}
	EndGlobalSection
EndGlobal
